// !$*UTF8*$!
{
	archiveVersion = 1;
	classes = {
	};
	objectVersion = 50;
	objects = {

/* Begin PBXBuildFile section */
		37189EDC259D40B00048CD42 /* Tests_iOS.swift in Sources */ = {isa = PBXBuildFile; fileRef = 37189EDB259D40B00048CD42 /* Tests_iOS.swift */; };
		37189EE7259D40B00048CD42 /* Tests_macOS.swift in Sources */ = {isa = PBXBuildFile; fileRef = 37189EE6259D40B00048CD42 /* Tests_macOS.swift */; };
		37189EE9259D40B00048CD42 /* iot_ios.xcdatamodeld in Sources */ = {isa = PBXBuildFile; fileRef = 37189EBD259D40AF0048CD42 /* iot_ios.xcdatamodeld */; };
		37189EEA259D40B00048CD42 /* iot_ios.xcdatamodeld in Sources */ = {isa = PBXBuildFile; fileRef = 37189EBD259D40AF0048CD42 /* iot_ios.xcdatamodeld */; };
		37189EEB259D40B00048CD42 /* iot_iosApp.swift in Sources */ = {isa = PBXBuildFile; fileRef = 37189EBF259D40AF0048CD42 /* iot_iosApp.swift */; };
		37189EEC259D40B00048CD42 /* iot_iosApp.swift in Sources */ = {isa = PBXBuildFile; fileRef = 37189EBF259D40AF0048CD42 /* iot_iosApp.swift */; };
		37189EED259D40B00048CD42 /* ContentView.swift in Sources */ = {isa = PBXBuildFile; fileRef = 37189EC0259D40AF0048CD42 /* ContentView.swift */; };
		37189EEE259D40B00048CD42 /* ContentView.swift in Sources */ = {isa = PBXBuildFile; fileRef = 37189EC0259D40AF0048CD42 /* ContentView.swift */; };
		37189EEF259D40B00048CD42 /* Persistence.swift in Sources */ = {isa = PBXBuildFile; fileRef = 37189EC1259D40AF0048CD42 /* Persistence.swift */; };
		37189EF0259D40B00048CD42 /* Persistence.swift in Sources */ = {isa = PBXBuildFile; fileRef = 37189EC1259D40AF0048CD42 /* Persistence.swift */; };
		37189EF1259D40B00048CD42 /* Assets.xcassets in Resources */ = {isa = PBXBuildFile; fileRef = 37189EC2259D40B00048CD42 /* Assets.xcassets */; };
		37189EF2259D40B00048CD42 /* Assets.xcassets in Resources */ = {isa = PBXBuildFile; fileRef = 37189EC2259D40B00048CD42 /* Assets.xcassets */; };
/* End PBXBuildFile section */

/* Begin PBXContainerItemProxy section */
		37189ED8259D40B00048CD42 /* PBXContainerItemProxy */ = {
			isa = PBXContainerItemProxy;
			containerPortal = 37189EB8259D40AF0048CD42 /* Project object */;
			proxyType = 1;
			remoteGlobalIDString = 37189EC6259D40B00048CD42;
			remoteInfo = "iot_ios (iOS)";
		};
		37189EE3259D40B00048CD42 /* PBXContainerItemProxy */ = {
			isa = PBXContainerItemProxy;
			containerPortal = 37189EB8259D40AF0048CD42 /* Project object */;
			proxyType = 1;
			remoteGlobalIDString = 37189ECE259D40B00048CD42;
			remoteInfo = "iot_ios (macOS)";
		};
/* End PBXContainerItemProxy section */

/* Begin PBXFileReference section */
		37189EBE259D40AF0048CD42 /* Shared.xcdatamodel */ = {isa = PBXFileReference; lastKnownFileType = wrapper.xcdatamodel; path = Shared.xcdatamodel; sourceTree = "<group>"; };
		37189EBF259D40AF0048CD42 /* iot_iosApp.swift */ = {isa = PBXFileReference; lastKnownFileType = sourcecode.swift; path = iot_iosApp.swift; sourceTree = "<group>"; };
		37189EC0259D40AF0048CD42 /* ContentView.swift */ = {isa = PBXFileReference; lastKnownFileType = sourcecode.swift; path = ContentView.swift; sourceTree = "<group>"; };
		37189EC1259D40AF0048CD42 /* Persistence.swift */ = {isa = PBXFileReference; lastKnownFileType = sourcecode.swift; path = Persistence.swift; sourceTree = "<group>"; };
		37189EC2259D40B00048CD42 /* Assets.xcassets */ = {isa = PBXFileReference; lastKnownFileType = folder.assetcatalog; path = Assets.xcassets; sourceTree = "<group>"; };
		37189EC7259D40B00048CD42 /* iot_ios.app */ = {isa = PBXFileReference; explicitFileType = wrapper.application; includeInIndex = 0; path = iot_ios.app; sourceTree = BUILT_PRODUCTS_DIR; };
		37189ECA259D40B00048CD42 /* Info.plist */ = {isa = PBXFileReference; lastKnownFileType = text.plist.xml; path = Info.plist; sourceTree = "<group>"; };
		37189ECF259D40B00048CD42 /* iot_ios.app */ = {isa = PBXFileReference; explicitFileType = wrapper.application; includeInIndex = 0; path = iot_ios.app; sourceTree = BUILT_PRODUCTS_DIR; };
		37189ED1259D40B00048CD42 /* Info.plist */ = {isa = PBXFileReference; lastKnownFileType = text.plist.xml; path = Info.plist; sourceTree = "<group>"; };
		37189ED2259D40B00048CD42 /* macOS.entitlements */ = {isa = PBXFileReference; lastKnownFileType = text.plist.entitlements; path = macOS.entitlements; sourceTree = "<group>"; };
		37189ED7259D40B00048CD42 /* Tests iOS.xctest */ = {isa = PBXFileReference; explicitFileType = wrapper.cfbundle; includeInIndex = 0; path = "Tests iOS.xctest"; sourceTree = BUILT_PRODUCTS_DIR; };
		37189EDB259D40B00048CD42 /* Tests_iOS.swift */ = {isa = PBXFileReference; lastKnownFileType = sourcecode.swift; path = Tests_iOS.swift; sourceTree = "<group>"; };
		37189EDD259D40B00048CD42 /* Info.plist */ = {isa = PBXFileReference; lastKnownFileType = text.plist.xml; path = Info.plist; sourceTree = "<group>"; };
		37189EE2259D40B00048CD42 /* Tests macOS.xctest */ = {isa = PBXFileReference; explicitFileType = wrapper.cfbundle; includeInIndex = 0; path = "Tests macOS.xctest"; sourceTree = BUILT_PRODUCTS_DIR; };
		37189EE6259D40B00048CD42 /* Tests_macOS.swift */ = {isa = PBXFileReference; lastKnownFileType = sourcecode.swift; path = Tests_macOS.swift; sourceTree = "<group>"; };
		37189EE8259D40B00048CD42 /* Info.plist */ = {isa = PBXFileReference; lastKnownFileType = text.plist.xml; path = Info.plist; sourceTree = "<group>"; };
/* End PBXFileReference section */

/* Begin PBXFrameworksBuildPhase section */
		37189EC4259D40B00048CD42 /* Frameworks */ = {
			isa = PBXFrameworksBuildPhase;
			buildActionMask = 2147483647;
			files = (
			);
			runOnlyForDeploymentPostprocessing = 0;
		};
		37189ECC259D40B00048CD42 /* Frameworks */ = {
			isa = PBXFrameworksBuildPhase;
			buildActionMask = 2147483647;
			files = (
			);
			runOnlyForDeploymentPostprocessing = 0;
		};
		37189ED4259D40B00048CD42 /* Frameworks */ = {
			isa = PBXFrameworksBuildPhase;
			buildActionMask = 2147483647;
			files = (
			);
			runOnlyForDeploymentPostprocessing = 0;
		};
		37189EDF259D40B00048CD42 /* Frameworks */ = {
			isa = PBXFrameworksBuildPhase;
			buildActionMask = 2147483647;
			files = (
			);
			runOnlyForDeploymentPostprocessing = 0;
		};
/* End PBXFrameworksBuildPhase section */

/* Begin PBXGroup section */
		37189EB7259D40AF0048CD42 = {
			isa = PBXGroup;
			children = (
				37189EBC259D40AF0048CD42 /* Shared */,
				37189EC9259D40B00048CD42 /* iOS */,
				37189ED0259D40B00048CD42 /* macOS */,
				37189EDA259D40B00048CD42 /* Tests iOS */,
				37189EE5259D40B00048CD42 /* Tests macOS */,
				37189EC8259D40B00048CD42 /* Products */,
			);
			sourceTree = "<group>";
		};
		37189EBC259D40AF0048CD42 /* Shared */ = {
			isa = PBXGroup;
			children = (
				37189EBF259D40AF0048CD42 /* iot_iosApp.swift */,
				37189EC0259D40AF0048CD42 /* ContentView.swift */,
				37189EC1259D40AF0048CD42 /* Persistence.swift */,
				37189EC2259D40B00048CD42 /* Assets.xcassets */,
				37189EBD259D40AF0048CD42 /* iot_ios.xcdatamodeld */,
			);
			path = Shared;
			sourceTree = "<group>";
		};
		37189EC8259D40B00048CD42 /* Products */ = {
			isa = PBXGroup;
			children = (
				37189EC7259D40B00048CD42 /* iot_ios.app */,
				37189ECF259D40B00048CD42 /* iot_ios.app */,
				37189ED7259D40B00048CD42 /* Tests iOS.xctest */,
				37189EE2259D40B00048CD42 /* Tests macOS.xctest */,
			);
			name = Products;
			sourceTree = "<group>";
		};
		37189EC9259D40B00048CD42 /* iOS */ = {
			isa = PBXGroup;
			children = (
				37189ECA259D40B00048CD42 /* Info.plist */,
			);
			path = iOS;
			sourceTree = "<group>";
		};
		37189ED0259D40B00048CD42 /* macOS */ = {
			isa = PBXGroup;
			children = (
				37189ED1259D40B00048CD42 /* Info.plist */,
				37189ED2259D40B00048CD42 /* macOS.entitlements */,
			);
			path = macOS;
			sourceTree = "<group>";
		};
		37189EDA259D40B00048CD42 /* Tests iOS */ = {
			isa = PBXGroup;
			children = (
				37189EDB259D40B00048CD42 /* Tests_iOS.swift */,
				37189EDD259D40B00048CD42 /* Info.plist */,
			);
			path = "Tests iOS";
			sourceTree = "<group>";
		};
		37189EE5259D40B00048CD42 /* Tests macOS */ = {
			isa = PBXGroup;
			children = (
				37189EE6259D40B00048CD42 /* Tests_macOS.swift */,
				37189EE8259D40B00048CD42 /* Info.plist */,
			);
			path = "Tests macOS";
			sourceTree = "<group>";
		};
/* End PBXGroup section */

/* Begin PBXNativeTarget section */
		37189EC6259D40B00048CD42 /* iot_ios (iOS) */ = {
			isa = PBXNativeTarget;
			buildConfigurationList = 37189EF5259D40B00048CD42 /* Build configuration list for PBXNativeTarget "iot_ios (iOS)" */;
			buildPhases = (
				37189EC3259D40B00048CD42 /* Sources */,
				37189EC4259D40B00048CD42 /* Frameworks */,
				37189EC5259D40B00048CD42 /* Resources */,
			);
			buildRules = (
			);
			dependencies = (
			);
			name = "iot_ios (iOS)";
			productName = "iot_ios (iOS)";
			productReference = 37189EC7259D40B00048CD42 /* iot_ios.app */;
			productType = "com.apple.product-type.application";
		};
		37189ECE259D40B00048CD42 /* iot_ios (macOS) */ = {
			isa = PBXNativeTarget;
			buildConfigurationList = 37189EF8259D40B00048CD42 /* Build configuration list for PBXNativeTarget "iot_ios (macOS)" */;
			buildPhases = (
				37189ECB259D40B00048CD42 /* Sources */,
				37189ECC259D40B00048CD42 /* Frameworks */,
				37189ECD259D40B00048CD42 /* Resources */,
			);
			buildRules = (
			);
			dependencies = (
			);
			name = "iot_ios (macOS)";
			productName = "iot_ios (macOS)";
			productReference = 37189ECF259D40B00048CD42 /* iot_ios.app */;
			productType = "com.apple.product-type.application";
		};
		37189ED6259D40B00048CD42 /* Tests iOS */ = {
			isa = PBXNativeTarget;
			buildConfigurationList = 37189EFB259D40B00048CD42 /* Build configuration list for PBXNativeTarget "Tests iOS" */;
			buildPhases = (
				37189ED3259D40B00048CD42 /* Sources */,
				37189ED4259D40B00048CD42 /* Frameworks */,
				37189ED5259D40B00048CD42 /* Resources */,
			);
			buildRules = (
			);
			dependencies = (
				37189ED9259D40B00048CD42 /* PBXTargetDependency */,
			);
			name = "Tests iOS";
			productName = "Tests iOS";
			productReference = 37189ED7259D40B00048CD42 /* Tests iOS.xctest */;
			productType = "com.apple.product-type.bundle.ui-testing";
		};
		37189EE1259D40B00048CD42 /* Tests macOS */ = {
			isa = PBXNativeTarget;
			buildConfigurationList = 37189EFE259D40B00048CD42 /* Build configuration list for PBXNativeTarget "Tests macOS" */;
			buildPhases = (
				37189EDE259D40B00048CD42 /* Sources */,
				37189EDF259D40B00048CD42 /* Frameworks */,
				37189EE0259D40B00048CD42 /* Resources */,
			);
			buildRules = (
			);
			dependencies = (
				37189EE4259D40B00048CD42 /* PBXTargetDependency */,
			);
			name = "Tests macOS";
			productName = "Tests macOS";
			productReference = 37189EE2259D40B00048CD42 /* Tests macOS.xctest */;
			productType = "com.apple.product-type.bundle.ui-testing";
		};
/* End PBXNativeTarget section */

/* Begin PBXProject section */
		37189EB8259D40AF0048CD42 /* Project object */ = {
			isa = PBXProject;
			attributes = {
				LastSwiftUpdateCheck = 1230;
				LastUpgradeCheck = 1230;
				TargetAttributes = {
					37189EC6259D40B00048CD42 = {
						CreatedOnToolsVersion = 12.3;
					};
					37189ECE259D40B00048CD42 = {
						CreatedOnToolsVersion = 12.3;
					};
					37189ED6259D40B00048CD42 = {
						CreatedOnToolsVersion = 12.3;
						TestTargetID = 37189EC6259D40B00048CD42;
					};
					37189EE1259D40B00048CD42 = {
						CreatedOnToolsVersion = 12.3;
						TestTargetID = 37189ECE259D40B00048CD42;
					};
				};
			};
			buildConfigurationList = 37189EBB259D40AF0048CD42 /* Build configuration list for PBXProject "iot_ios" */;
			compatibilityVersion = "Xcode 9.3";
			developmentRegion = en;
			hasScannedForEncodings = 0;
			knownRegions = (
				en,
				Base,
			);
			mainGroup = 37189EB7259D40AF0048CD42;
			productRefGroup = 37189EC8259D40B00048CD42 /* Products */;
			projectDirPath = "";
			projectRoot = "";
			targets = (
				37189EC6259D40B00048CD42 /* iot_ios (iOS) */,
				37189ECE259D40B00048CD42 /* iot_ios (macOS) */,
				37189ED6259D40B00048CD42 /* Tests iOS */,
				37189EE1259D40B00048CD42 /* Tests macOS */,
			);
		};
/* End PBXProject section */

/* Begin PBXResourcesBuildPhase section */
		37189EC5259D40B00048CD42 /* Resources */ = {
			isa = PBXResourcesBuildPhase;
			buildActionMask = 2147483647;
			files = (
				37189EF1259D40B00048CD42 /* Assets.xcassets in Resources */,
			);
			runOnlyForDeploymentPostprocessing = 0;
		};
		37189ECD259D40B00048CD42 /* Resources */ = {
			isa = PBXResourcesBuildPhase;
			buildActionMask = 2147483647;
			files = (
				37189EF2259D40B00048CD42 /* Assets.xcassets in Resources */,
			);
			runOnlyForDeploymentPostprocessing = 0;
		};
		37189ED5259D40B00048CD42 /* Resources */ = {
			isa = PBXResourcesBuildPhase;
			buildActionMask = 2147483647;
			files = (
			);
			runOnlyForDeploymentPostprocessing = 0;
		};
		37189EE0259D40B00048CD42 /* Resources */ = {
			isa = PBXResourcesBuildPhase;
			buildActionMask = 2147483647;
			files = (
			);
			runOnlyForDeploymentPostprocessing = 0;
		};
/* End PBXResourcesBuildPhase section */

/* Begin PBXSourcesBuildPhase section */
		37189EC3259D40B00048CD42 /* Sources */ = {
			isa = PBXSourcesBuildPhase;
			buildActionMask = 2147483647;
			files = (
				37189EEB259D40B00048CD42 /* iot_iosApp.swift in Sources */,
				37189EEF259D40B00048CD42 /* Persistence.swift in Sources */,
				37189EE9259D40B00048CD42 /* iot_ios.xcdatamodeld in Sources */,
				37189EED259D40B00048CD42 /* ContentView.swift in Sources */,
			);
			runOnlyForDeploymentPostprocessing = 0;
		};
		37189ECB259D40B00048CD42 /* Sources */ = {
			isa = PBXSourcesBuildPhase;
			buildActionMask = 2147483647;
			files = (
				37189EEC259D40B00048CD42 /* iot_iosApp.swift in Sources */,
				37189EF0259D40B00048CD42 /* Persistence.swift in Sources */,
				37189EEA259D40B00048CD42 /* iot_ios.xcdatamodeld in Sources */,
				37189EEE259D40B00048CD42 /* ContentView.swift in Sources */,
			);
			runOnlyForDeploymentPostprocessing = 0;
		};
		37189ED3259D40B00048CD42 /* Sources */ = {
			isa = PBXSourcesBuildPhase;
			buildActionMask = 2147483647;
			files = (
				37189EDC259D40B00048CD42 /* Tests_iOS.swift in Sources */,
			);
			runOnlyForDeploymentPostprocessing = 0;
		};
		37189EDE259D40B00048CD42 /* Sources */ = {
			isa = PBXSourcesBuildPhase;
			buildActionMask = 2147483647;
			files = (
				37189EE7259D40B00048CD42 /* Tests_macOS.swift in Sources */,
			);
			runOnlyForDeploymentPostprocessing = 0;
		};
/* End PBXSourcesBuildPhase section */

/* Begin PBXTargetDependency section */
		37189ED9259D40B00048CD42 /* PBXTargetDependency */ = {
			isa = PBXTargetDependency;
			target = 37189EC6259D40B00048CD42 /* iot_ios (iOS) */;
			targetProxy = 37189ED8259D40B00048CD42 /* PBXContainerItemProxy */;
		};
		37189EE4259D40B00048CD42 /* PBXTargetDependency */ = {
			isa = PBXTargetDependency;
			target = 37189ECE259D40B00048CD42 /* iot_ios (macOS) */;
			targetProxy = 37189EE3259D40B00048CD42 /* PBXContainerItemProxy */;
		};
/* End PBXTargetDependency section */

/* Begin XCBuildConfiguration section */
		37189EF3259D40B00048CD42 /* Debug */ = {
			isa = XCBuildConfiguration;
			buildSettings = {
				ALWAYS_SEARCH_USER_PATHS = NO;
				CLANG_ANALYZER_NONNULL = YES;
				CLANG_ANALYZER_NUMBER_OBJECT_CONVERSION = YES_AGGRESSIVE;
				CLANG_CXX_LANGUAGE_STANDARD = "gnu++14";
				CLANG_CXX_LIBRARY = "libc++";
				CLANG_ENABLE_MODULES = YES;
				CLANG_ENABLE_OBJC_ARC = YES;
				CLANG_ENABLE_OBJC_WEAK = YES;
				CLANG_WARN_BLOCK_CAPTURE_AUTORELEASING = YES;
				CLANG_WARN_BOOL_CONVERSION = YES;
				CLANG_WARN_COMMA = YES;
				CLANG_WARN_CONSTANT_CONVERSION = YES;
				CLANG_WARN_DEPRECATED_OBJC_IMPLEMENTATIONS = YES;
				CLANG_WARN_DIRECT_OBJC_ISA_USAGE = YES_ERROR;
				CLANG_WARN_DOCUMENTATION_COMMENTS = YES;
				CLANG_WARN_EMPTY_BODY = YES;
				CLANG_WARN_ENUM_CONVERSION = YES;
				CLANG_WARN_INFINITE_RECURSION = YES;
				CLANG_WARN_INT_CONVERSION = YES;
				CLANG_WARN_NON_LITERAL_NULL_CONVERSION = YES;
				CLANG_WARN_OBJC_IMPLICIT_RETAIN_SELF = YES;
				CLANG_WARN_OBJC_LITERAL_CONVERSION = YES;
				CLANG_WARN_OBJC_ROOT_CLASS = YES_ERROR;
				CLANG_WARN_QUOTED_INCLUDE_IN_FRAMEWORK_HEADER = YES;
				CLANG_WARN_RANGE_LOOP_ANALYSIS = YES;
				CLANG_WARN_STRICT_PROTOTYPES = YES;
				CLANG_WARN_SUSPICIOUS_MOVE = YES;
				CLANG_WARN_UNGUARDED_AVAILABILITY = YES_AGGRESSIVE;
				CLANG_WARN_UNREACHABLE_CODE = YES;
				CLANG_WARN__DUPLICATE_METHOD_MATCH = YES;
				COPY_PHASE_STRIP = NO;
				DEBUG_INFORMATION_FORMAT = dwarf;
				ENABLE_STRICT_OBJC_MSGSEND = YES;
				ENABLE_TESTABILITY = YES;
				GCC_C_LANGUAGE_STANDARD = gnu11;
				GCC_DYNAMIC_NO_PIC = NO;
				GCC_NO_COMMON_BLOCKS = YES;
				GCC_OPTIMIZATION_LEVEL = 0;
				GCC_PREPROCESSOR_DEFINITIONS = (
					"DEBUG=1",
					"$(inherited)",
				);
				GCC_WARN_64_TO_32_BIT_CONVERSION = YES;
				GCC_WARN_ABOUT_RETURN_TYPE = YES_ERROR;
				GCC_WARN_UNDECLARED_SELECTOR = YES;
				GCC_WARN_UNINITIALIZED_AUTOS = YES_AGGRESSIVE;
				GCC_WARN_UNUSED_FUNCTION = YES;
				GCC_WARN_UNUSED_VARIABLE = YES;
				MTL_ENABLE_DEBUG_INFO = INCLUDE_SOURCE;
				MTL_FAST_MATH = YES;
				ONLY_ACTIVE_ARCH = YES;
				SWIFT_ACTIVE_COMPILATION_CONDITIONS = DEBUG;
				SWIFT_OPTIMIZATION_LEVEL = "-Onone";
			};
			name = Debug;
		};
		37189EF4259D40B00048CD42 /* Release */ = {
			isa = XCBuildConfiguration;
			buildSettings = {
				ALWAYS_SEARCH_USER_PATHS = NO;
				CLANG_ANALYZER_NONNULL = YES;
				CLANG_ANALYZER_NUMBER_OBJECT_CONVERSION = YES_AGGRESSIVE;
				CLANG_CXX_LANGUAGE_STANDARD = "gnu++14";
				CLANG_CXX_LIBRARY = "libc++";
				CLANG_ENABLE_MODULES = YES;
				CLANG_ENABLE_OBJC_ARC = YES;
				CLANG_ENABLE_OBJC_WEAK = YES;
				CLANG_WARN_BLOCK_CAPTURE_AUTORELEASING = YES;
				CLANG_WARN_BOOL_CONVERSION = YES;
				CLANG_WARN_COMMA = YES;
				CLANG_WARN_CONSTANT_CONVERSION = YES;
				CLANG_WARN_DEPRECATED_OBJC_IMPLEMENTATIONS = YES;
				CLANG_WARN_DIRECT_OBJC_ISA_USAGE = YES_ERROR;
				CLANG_WARN_DOCUMENTATION_COMMENTS = YES;
				CLANG_WARN_EMPTY_BODY = YES;
				CLANG_WARN_ENUM_CONVERSION = YES;
				CLANG_WARN_INFINITE_RECURSION = YES;
				CLANG_WARN_INT_CONVERSION = YES;
				CLANG_WARN_NON_LITERAL_NULL_CONVERSION = YES;
				CLANG_WARN_OBJC_IMPLICIT_RETAIN_SELF = YES;
				CLANG_WARN_OBJC_LITERAL_CONVERSION = YES;
				CLANG_WARN_OBJC_ROOT_CLASS = YES_ERROR;
				CLANG_WARN_QUOTED_INCLUDE_IN_FRAMEWORK_HEADER = YES;
				CLANG_WARN_RANGE_LOOP_ANALYSIS = YES;
				CLANG_WARN_STRICT_PROTOTYPES = YES;
				CLANG_WARN_SUSPICIOUS_MOVE = YES;
				CLANG_WARN_UNGUARDED_AVAILABILITY = YES_AGGRESSIVE;
				CLANG_WARN_UNREACHABLE_CODE = YES;
				CLANG_WARN__DUPLICATE_METHOD_MATCH = YES;
				COPY_PHASE_STRIP = NO;
				DEBUG_INFORMATION_FORMAT = "dwarf-with-dsym";
				ENABLE_NS_ASSERTIONS = NO;
				ENABLE_STRICT_OBJC_MSGSEND = YES;
				GCC_C_LANGUAGE_STANDARD = gnu11;
				GCC_NO_COMMON_BLOCKS = YES;
				GCC_WARN_64_TO_32_BIT_CONVERSION = YES;
				GCC_WARN_ABOUT_RETURN_TYPE = YES_ERROR;
				GCC_WARN_UNDECLARED_SELECTOR = YES;
				GCC_WARN_UNINITIALIZED_AUTOS = YES_AGGRESSIVE;
				GCC_WARN_UNUSED_FUNCTION = YES;
				GCC_WARN_UNUSED_VARIABLE = YES;
				MTL_ENABLE_DEBUG_INFO = NO;
				MTL_FAST_MATH = YES;
				SWIFT_COMPILATION_MODE = wholemodule;
				SWIFT_OPTIMIZATION_LEVEL = "-O";
			};
			name = Release;
		};
		37189EF6259D40B00048CD42 /* Debug */ = {
			isa = XCBuildConfiguration;
			buildSettings = {
				ASSETCATALOG_COMPILER_APPICON_NAME = AppIcon;
				ASSETCATALOG_COMPILER_GLOBAL_ACCENT_COLOR_NAME = AccentColor;
				CODE_SIGN_STYLE = Automatic;
				ENABLE_PREVIEWS = YES;
				INFOPLIST_FILE = iOS/Info.plist;
				IPHONEOS_DEPLOYMENT_TARGET = 14.0;
				LD_RUNPATH_SEARCH_PATHS = (
					"$(inherited)",
					"@executable_path/Frameworks",
				);
				PRODUCT_BUNDLE_IDENTIFIER = "playground.iot-ios";
				PRODUCT_NAME = iot_ios;
				SDKROOT = iphoneos;
				SWIFT_VERSION = 5.0;
				TARGETED_DEVICE_FAMILY = "1,2";
			};
			name = Debug;
		};
		37189EF7259D40B00048CD42 /* Release */ = {
			isa = XCBuildConfiguration;
			buildSettings = {
				ASSETCATALOG_COMPILER_APPICON_NAME = AppIcon;
				ASSETCATALOG_COMPILER_GLOBAL_ACCENT_COLOR_NAME = AccentColor;
				CODE_SIGN_STYLE = Automatic;
				ENABLE_PREVIEWS = YES;
				INFOPLIST_FILE = iOS/Info.plist;
				IPHONEOS_DEPLOYMENT_TARGET = 14.0;
				LD_RUNPATH_SEARCH_PATHS = (
					"$(inherited)",
					"@executable_path/Frameworks",
				);
				PRODUCT_BUNDLE_IDENTIFIER = "playground.iot-ios";
				PRODUCT_NAME = iot_ios;
				SDKROOT = iphoneos;
				SWIFT_VERSION = 5.0;
				TARGETED_DEVICE_FAMILY = "1,2";
				VALIDATE_PRODUCT = YES;
			};
			name = Release;
		};
		37189EF9259D40B00048CD42 /* Debug */ = {
			isa = XCBuildConfiguration;
			buildSettings = {
				ASSETCATALOG_COMPILER_APPICON_NAME = AppIcon;
				ASSETCATALOG_COMPILER_GLOBAL_ACCENT_COLOR_NAME = AccentColor;
				CODE_SIGN_ENTITLEMENTS = macOS/macOS.entitlements;
				CODE_SIGN_STYLE = Automatic;
				COMBINE_HIDPI_IMAGES = YES;
				ENABLE_PREVIEWS = YES;
				INFOPLIST_FILE = macOS/Info.plist;
				LD_RUNPATH_SEARCH_PATHS = (
					"$(inherited)",
					"@executable_path/../Frameworks",
				);
				MACOSX_DEPLOYMENT_TARGET = 11.0;
				PRODUCT_BUNDLE_IDENTIFIER = "playground.iot-ios";
				PRODUCT_NAME = iot_ios;
				SDKROOT = macosx;
				SWIFT_VERSION = 5.0;
			};
			name = Debug;
		};
		37189EFA259D40B00048CD42 /* Release */ = {
			isa = XCBuildConfiguration;
			buildSettings = {
				ASSETCATALOG_COMPILER_APPICON_NAME = AppIcon;
				ASSETCATALOG_COMPILER_GLOBAL_ACCENT_COLOR_NAME = AccentColor;
				CODE_SIGN_ENTITLEMENTS = macOS/macOS.entitlements;
				CODE_SIGN_STYLE = Automatic;
				COMBINE_HIDPI_IMAGES = YES;
				ENABLE_PREVIEWS = YES;
				INFOPLIST_FILE = macOS/Info.plist;
				LD_RUNPATH_SEARCH_PATHS = (
					"$(inherited)",
					"@executable_path/../Frameworks",
				);
				MACOSX_DEPLOYMENT_TARGET = 11.0;
				PRODUCT_BUNDLE_IDENTIFIER = "playground.iot-ios";
				PRODUCT_NAME = iot_ios;
				SDKROOT = macosx;
				SWIFT_VERSION = 5.0;
			};
			name = Release;
		};
		37189EFC259D40B00048CD42 /* Debug */ = {
			isa = XCBuildConfiguration;
			buildSettings = {
				ALWAYS_EMBED_SWIFT_STANDARD_LIBRARIES = YES;
				CODE_SIGN_STYLE = Automatic;
				INFOPLIST_FILE = "Tests iOS/Info.plist";
				IPHONEOS_DEPLOYMENT_TARGET = 14.3;
				LD_RUNPATH_SEARCH_PATHS = (
					"$(inherited)",
					"@executable_path/Frameworks",
					"@loader_path/Frameworks",
				);
				PRODUCT_BUNDLE_IDENTIFIER = "playground.Tests-iOS";
				PRODUCT_NAME = "$(TARGET_NAME)";
				SDKROOT = iphoneos;
				SWIFT_VERSION = 5.0;
				TARGETED_DEVICE_FAMILY = "1,2";
				TEST_TARGET_NAME = "iot_ios (iOS)";
			};
			name = Debug;
		};
		37189EFD259D40B00048CD42 /* Release */ = {
			isa = XCBuildConfiguration;
			buildSettings = {
				ALWAYS_EMBED_SWIFT_STANDARD_LIBRARIES = YES;
				CODE_SIGN_STYLE = Automatic;
				INFOPLIST_FILE = "Tests iOS/Info.plist";
				IPHONEOS_DEPLOYMENT_TARGET = 14.3;
				LD_RUNPATH_SEARCH_PATHS = (
					"$(inherited)",
					"@executable_path/Frameworks",
					"@loader_path/Frameworks",
				);
				PRODUCT_BUNDLE_IDENTIFIER = "playground.Tests-iOS";
				PRODUCT_NAME = "$(TARGET_NAME)";
				SDKROOT = iphoneos;
				SWIFT_VERSION = 5.0;
				TARGETED_DEVICE_FAMILY = "1,2";
				TEST_TARGET_NAME = "iot_ios (iOS)";
				VALIDATE_PRODUCT = YES;
			};
			name = Release;
		};
		37189EFF259D40B00048CD42 /* Debug */ = {
			isa = XCBuildConfiguration;
			buildSettings = {
				ALWAYS_EMBED_SWIFT_STANDARD_LIBRARIES = YES;
				CODE_SIGN_STYLE = Automatic;
				COMBINE_HIDPI_IMAGES = YES;
				INFOPLIST_FILE = "Tests macOS/Info.plist";
				LD_RUNPATH_SEARCH_PATHS = (
					"$(inherited)",
					"@executable_path/../Frameworks",
					"@loader_path/../Frameworks",
				);
				MACOSX_DEPLOYMENT_TARGET = 11.0;
				PRODUCT_BUNDLE_IDENTIFIER = "playground.Tests-macOS";
				PRODUCT_NAME = "$(TARGET_NAME)";
				SDKROOT = macosx;
				SWIFT_VERSION = 5.0;
				TEST_TARGET_NAME = "iot_ios (macOS)";
			};
			name = Debug;
		};
		37189F00259D40B00048CD42 /* Release */ = {
			isa = XCBuildConfiguration;
			buildSettings = {
				ALWAYS_EMBED_SWIFT_STANDARD_LIBRARIES = YES;
				CODE_SIGN_STYLE = Automatic;
				COMBINE_HIDPI_IMAGES = YES;
				INFOPLIST_FILE = "Tests macOS/Info.plist";
				LD_RUNPATH_SEARCH_PATHS = (
					"$(inherited)",
					"@executable_path/../Frameworks",
					"@loader_path/../Frameworks",
				);
				MACOSX_DEPLOYMENT_TARGET = 11.0;
				PRODUCT_BUNDLE_IDENTIFIER = "playground.Tests-macOS";
				PRODUCT_NAME = "$(TARGET_NAME)";
				SDKROOT = macosx;
				SWIFT_VERSION = 5.0;
				TEST_TARGET_NAME = "iot_ios (macOS)";
			};
			name = Release;
		};
/* End XCBuildConfiguration section */

/* Begin XCConfigurationList section */
		37189EBB259D40AF0048CD42 /* Build configuration list for PBXProject "iot_ios" */ = {
			isa = XCConfigurationList;
			buildConfigurations = (
				37189EF3259D40B00048CD42 /* Debug */,
				37189EF4259D40B00048CD42 /* Release */,
			);
			defaultConfigurationIsVisible = 0;
			defaultConfigurationName = Release;
		};
		37189EF5259D40B00048CD42 /* Build configuration list for PBXNativeTarget "iot_ios (iOS)" */ = {
			isa = XCConfigurationList;
			buildConfigurations = (
				37189EF6259D40B00048CD42 /* Debug */,
				37189EF7259D40B00048CD42 /* Release */,
			);
			defaultConfigurationIsVisible = 0;
			defaultConfigurationName = Release;
		};
		37189EF8259D40B00048CD42 /* Build configuration list for PBXNativeTarget "iot_ios (macOS)" */ = {
			isa = XCConfigurationList;
			buildConfigurations = (
				37189EF9259D40B00048CD42 /* Debug */,
				37189EFA259D40B00048CD42 /* Release */,
			);
			defaultConfigurationIsVisible = 0;
			defaultConfigurationName = Release;
		};
		37189EFB259D40B00048CD42 /* Build configuration list for PBXNativeTarget "Tests iOS" */ = {
			isa = XCConfigurationList;
			buildConfigurations = (
				37189EFC259D40B00048CD42 /* Debug */,
				37189EFD259D40B00048CD42 /* Release */,
			);
			defaultConfigurationIsVisible = 0;
			defaultConfigurationName = Release;
		};
		37189EFE259D40B00048CD42 /* Build configuration list for PBXNativeTarget "Tests macOS" */ = {
			isa = XCConfigurationList;
			buildConfigurations = (
				37189EFF259D40B00048CD42 /* Debug */,
				37189F00259D40B00048CD42 /* Release */,
			);
			defaultConfigurationIsVisible = 0;
			defaultConfigurationName = Release;
		};
/* End XCConfigurationList section */

/* Begin XCVersionGroup section */
		37189EBD259D40AF0048CD42 /* iot_ios.xcdatamodeld */ = {
			isa = XCVersionGroup;
			children = (
				37189EBE259D40AF0048CD42 /* Shared.xcdatamodel */,
			);
			currentVersion = 37189EBE259D40AF0048CD42 /* Shared.xcdatamodel */;
			path = iot_ios.xcdatamodeld;
			sourceTree = "<group>";
			versionGroupType = wrapper.xcdatamodel;
		};
/* End XCVersionGroup section */
	};
	rootObject = 37189EB8259D40AF0048CD42 /* Project object */;
}
